
Microsoft Visual Studio Solution File, Format Version 12.00
# Visual Studio Version 16
VisualStudioVersion = 16.0.30523.141
MinimumVisualStudioVersion = 15.0.26124.0
Project("{FAE04EC0-301F-11D3-BF4B-00C04F79EFBC}") = "AzureBuildsBrowser", "AzureBuildsBrowser\AzureBuildsBrowser.csproj", "{DD75ABBE-2328-4277-BB37-1C2E545E0AC4}"
EndProject
Global
	GlobalSection(SolutionConfigurationPlatforms) = preSolution
		Debug|Any CPU = Debug|Any CPU
		Release|Any CPU = Release|Any CPU
	EndGlobalSection
	GlobalSection(ProjectConfigurationPlatforms) = postSolution
		{DD75ABBE-2328-4277-BB37-1C2E545E0AC4}.Debug|Any CPU.ActiveCfg = Debug|Any CPU
		{DD75ABBE-2328-4277-BB37-1C2E545E0AC4}.Debug|Any CPU.Build.0 = Debug|Any CPU
		{DD75ABBE-2328-4277-BB37-1C2E545E0AC4}.Release|Any CPU.ActiveCfg = Release|Any CPU
		{DD75ABBE-2328-4277-BB37-1C2E545E0AC4}.Release|Any CPU.Build.0 = Release|Any CPU
	EndGlobalSection
	GlobalSection(SolutionProperties) = preSolution
		HideSolutionNode = FALSE
	EndGlobalSection
	GlobalSection(ExtensibilityGlobals) = postSolution
		SolutionGuid = {612C3E9F-379F-40F4-B949-A5C9319F71A7}
	EndGlobalSection
EndGlobal
